
Microsoft Visual Studio Solution File, Format Version 12.00
# Visual Studio Version 17
VisualStudioVersion = 17.10.35027.167
MinimumVisualStudioVersion = 10.0.40219.1
Project("{9A19103F-16F7-4668-BE54-9A1E7A4F7556}") = "CustomBPMS.Client", "CustomBPMS.Client\CustomBPMS.Client.csproj", "{D9900AB3-2F19-4174-A851-BD4E00AF68E9}"
EndProject
Project("{2150E333-8FDC-42A3-9474-1A3956D46DE8}") = "Solution Items", "Solution Items", "{653AF10B-EDDE-41A5-A42A-F02A0CB3FA64}"
	ProjectSection(SolutionItems) = preProject
		.github\workflows\deploy.yml = .github\workflows\deploy.yml
		README.md = README.md
	EndProjectSection
EndProject
Global
	GlobalSection(SolutionConfigurationPlatforms) = preSolution
		Debug|Any CPU = Debug|Any CPU
		Release|Any CPU = Release|Any CPU
	EndGlobalSection
	GlobalSection(ProjectConfigurationPlatforms) = postSolution
		{D9900AB3-2F19-4174-A851-BD4E00AF68E9}.Debug|Any CPU.ActiveCfg = Debug|Any CPU
		{D9900AB3-2F19-4174-A851-BD4E00AF68E9}.Debug|Any CPU.Build.0 = Debug|Any CPU
		{D9900AB3-2F19-4174-A851-BD4E00AF68E9}.Release|Any CPU.ActiveCfg = Release|Any CPU
		{D9900AB3-2F19-4174-A851-BD4E00AF68E9}.Release|Any CPU.Build.0 = Release|Any CPU
	EndGlobalSection
	GlobalSection(SolutionProperties) = preSolution
		HideSolutionNode = FALSE
	EndGlobalSection
	GlobalSection(ExtensibilityGlobals) = postSolution
		SolutionGuid = {86ABEEAC-E63F-4377-BB07-12583D232DE5}
	EndGlobalSection
EndGlobal
